
Microsoft Visual Studio Solution File, Format Version 12.00
# Visual Studio Version 17
VisualStudioVersion = 17.9.34723.18
MinimumVisualStudioVersion = 10.0.40219.1
Project("{FAE04EC0-301F-11D3-BF4B-00C04F79EFBC}") = "Atuarial", "Atuarial\Atuarial.csproj", "{418902E0-26EF-4320-BEE9-7553C4EA7196}"
EndProject
Global
	GlobalSection(SolutionConfigurationPlatforms) = preSolution
		Debug|Any CPU = Debug|Any CPU
		Release|Any CPU = Release|Any CPU
	EndGlobalSection
	GlobalSection(ProjectConfigurationPlatforms) = postSolution
		{418902E0-26EF-4320-BEE9-7553C4EA7196}.Debug|Any CPU.ActiveCfg = Debug|Any CPU
		{418902E0-26EF-4320-BEE9-7553C4EA7196}.Debug|Any CPU.Build.0 = Debug|Any CPU
		{418902E0-26EF-4320-BEE9-7553C4EA7196}.Release|Any CPU.ActiveCfg = Release|Any CPU
		{418902E0-26EF-4320-BEE9-7553C4EA7196}.Release|Any CPU.Build.0 = Release|Any CPU
	EndGlobalSection
	GlobalSection(SolutionProperties) = preSolution
		HideSolutionNode = FALSE
	EndGlobalSection
	GlobalSection(ExtensibilityGlobals) = postSolution
		SolutionGuid = {973FB22C-BA68-40A5-88F8-33E14214ED2D}
	EndGlobalSection
EndGlobal
